// !$*UTF8*$!
{
	archiveVersion = 1;
	classes = {
	};
	objectVersion = 46;
	objects = {

/* Begin PBXBuildFile section */
		0A095AAB1A53594400043A2B /* main.m in Sources */ = {isa = PBXBuildFile; fileRef = 0A095AAA1A53594400043A2B /* main.m */; };
		0A095AAE1A53594400043A2B /* AppDelegate.m in Sources */ = {isa = PBXBuildFile; fileRef = 0A095AAD1A53594400043A2B /* AppDelegate.m */; };
		0A095AB11A53594400043A2B /* ViewController.m in Sources */ = {isa = PBXBuildFile; fileRef = 0A095AB01A53594400043A2B /* ViewController.m */; };
		0A095AB41A53594400043A2B /* Main.storyboard in Resources */ = {isa = PBXBuildFile; fileRef = 0A095AB21A53594400043A2B /* Main.storyboard */; };
		0A095AB61A53594400043A2B /* Images.xcassets in Resources */ = {isa = PBXBuildFile; fileRef = 0A095AB51A53594400043A2B /* Images.xcassets */; };
		0A095AB91A53594400043A2B /* LaunchScreen.xib in Resources */ = {isa = PBXBuildFile; fileRef = 0A095AB71A53594400043A2B /* LaunchScreen.xib */; };
		0A095AC51A53594400043A2B /* EarthquakeMonitorTests.m in Sources */ = {isa = PBXBuildFile; fileRef = 0A095AC41A53594400043A2B /* EarthquakeMonitorTests.m */; };
		0A095AF61A535B3700043A2B /* AFHTTPRequestOperation.m in Sources */ = {isa = PBXBuildFile; fileRef = 0A095AD21A535B3700043A2B /* AFHTTPRequestOperation.m */; };
		0A095AF71A535B3700043A2B /* AFHTTPRequestOperationManager.m in Sources */ = {isa = PBXBuildFile; fileRef = 0A095AD41A535B3700043A2B /* AFHTTPRequestOperationManager.m */; };
		0A095AF81A535B3700043A2B /* AFHTTPSessionManager.m in Sources */ = {isa = PBXBuildFile; fileRef = 0A095AD61A535B3700043A2B /* AFHTTPSessionManager.m */; };
		0A095AF91A535B3700043A2B /* AFNetworkReachabilityManager.m in Sources */ = {isa = PBXBuildFile; fileRef = 0A095AD91A535B3700043A2B /* AFNetworkReachabilityManager.m */; };
		0A095AFA1A535B3700043A2B /* AFSecurityPolicy.m in Sources */ = {isa = PBXBuildFile; fileRef = 0A095ADB1A535B3700043A2B /* AFSecurityPolicy.m */; };
		0A095AFB1A535B3700043A2B /* AFURLConnectionOperation.m in Sources */ = {isa = PBXBuildFile; fileRef = 0A095ADD1A535B3700043A2B /* AFURLConnectionOperation.m */; };
		0A095AFC1A535B3700043A2B /* AFURLRequestSerialization.m in Sources */ = {isa = PBXBuildFile; fileRef = 0A095ADF1A535B3700043A2B /* AFURLRequestSerialization.m */; };
		0A095AFD1A535B3700043A2B /* AFURLResponseSerialization.m in Sources */ = {isa = PBXBuildFile; fileRef = 0A095AE11A535B3700043A2B /* AFURLResponseSerialization.m */; };
		0A095AFE1A535B3700043A2B /* AFURLSessionManager.m in Sources */ = {isa = PBXBuildFile; fileRef = 0A095AE31A535B3700043A2B /* AFURLSessionManager.m */; };
		0A095AFF1A535B3700043A2B /* AFNetworkActivityIndicatorManager.m in Sources */ = {isa = PBXBuildFile; fileRef = 0A095AE61A535B3700043A2B /* AFNetworkActivityIndicatorManager.m */; };
		0A095B001A535B3700043A2B /* UIActivityIndicatorView+AFNetworking.m in Sources */ = {isa = PBXBuildFile; fileRef = 0A095AE81A535B3700043A2B /* UIActivityIndicatorView+AFNetworking.m */; };
		0A095B011A535B3700043A2B /* UIAlertView+AFNetworking.m in Sources */ = {isa = PBXBuildFile; fileRef = 0A095AEA1A535B3700043A2B /* UIAlertView+AFNetworking.m */; };
		0A095B021A535B3700043A2B /* UIButton+AFNetworking.m in Sources */ = {isa = PBXBuildFile; fileRef = 0A095AEC1A535B3700043A2B /* UIButton+AFNetworking.m */; };
		0A095B031A535B3700043A2B /* UIImageView+AFNetworking.m in Sources */ = {isa = PBXBuildFile; fileRef = 0A095AEE1A535B3700043A2B /* UIImageView+AFNetworking.m */; };
		0A095B041A535B3700043A2B /* UIProgressView+AFNetworking.m in Sources */ = {isa = PBXBuildFile; fileRef = 0A095AF11A535B3700043A2B /* UIProgressView+AFNetworking.m */; };
		0A095B051A535B3700043A2B /* UIRefreshControl+AFNetworking.m in Sources */ = {isa = PBXBuildFile; fileRef = 0A095AF31A535B3700043A2B /* UIRefreshControl+AFNetworking.m */; };
		0A095B061A535B3700043A2B /* UIWebView+AFNetworking.m in Sources */ = {isa = PBXBuildFile; fileRef = 0A095AF51A535B3700043A2B /* UIWebView+AFNetworking.m */; };
		0A2270991A544F84009FB5F9 /* DetailController.m in Sources */ = {isa = PBXBuildFile; fileRef = 0A2270981A544F84009FB5F9 /* DetailController.m */; };
		0A22709B1A5452B4009FB5F9 /* MapKit.framework in Frameworks */ = {isa = PBXBuildFile; fileRef = 0A22709A1A5452B4009FB5F9 /* MapKit.framework */; };
		0A22709D1A5459BC009FB5F9 /* CoreLocation.framework in Frameworks */ = {isa = PBXBuildFile; fileRef = 0A22709C1A5459BC009FB5F9 /* CoreLocation.framework */; };
		0A2270A01A545ADA009FB5F9 /* AddressAnnotation.m in Sources */ = {isa = PBXBuildFile; fileRef = 0A22709F1A545ADA009FB5F9 /* AddressAnnotation.m */; settings = {COMPILER_FLAGS = "-fno-objc-arc"; }; };
/* End PBXBuildFile section */

/* Begin PBXContainerItemProxy section */
		0A095ABF1A53594400043A2B /* PBXContainerItemProxy */ = {
			isa = PBXContainerItemProxy;
			containerPortal = 0A095A9D1A53594400043A2B /* Project object */;
			proxyType = 1;
			remoteGlobalIDString = 0A095AA41A53594400043A2B;
			remoteInfo = EarthquakeMonitor;
		};
/* End PBXContainerItemProxy section */

/* Begin PBXFileReference section */
		0A095AA51A53594400043A2B /* EarthquakeMonitor.app */ = {isa = PBXFileReference; explicitFileType = wrapper.application; includeInIndex = 0; path = EarthquakeMonitor.app; sourceTree = BUILT_PRODUCTS_DIR; };
		0A095AA91A53594400043A2B /* Info.plist */ = {isa = PBXFileReference; lastKnownFileType = text.plist.xml; path = Info.plist; sourceTree = "<group>"; };
		0A095AAA1A53594400043A2B /* main.m */ = {isa = PBXFileReference; lastKnownFileType = sourcecode.c.objc; path = main.m; sourceTree = "<group>"; };
		0A095AAC1A53594400043A2B /* AppDelegate.h */ = {isa = PBXFileReference; lastKnownFileType = sourcecode.c.h; path = AppDelegate.h; sourceTree = "<group>"; };
		0A095AAD1A53594400043A2B /* AppDelegate.m */ = {isa = PBXFileReference; lastKnownFileType = sourcecode.c.objc; path = AppDelegate.m; sourceTree = "<group>"; };
		0A095AAF1A53594400043A2B /* ViewController.h */ = {isa = PBXFileReference; lastKnownFileType = sourcecode.c.h; path = ViewController.h; sourceTree = "<group>"; };
		0A095AB01A53594400043A2B /* ViewController.m */ = {isa = PBXFileReference; lastKnownFileType = sourcecode.c.objc; path = ViewController.m; sourceTree = "<group>"; };
		0A095AB31A53594400043A2B /* Base */ = {isa = PBXFileReference; lastKnownFileType = file.storyboard; name = Base; path = Base.lproj/Main.storyboard; sourceTree = "<group>"; };
		0A095AB51A53594400043A2B /* Images.xcassets */ = {isa = PBXFileReference; lastKnownFileType = folder.assetcatalog; path = Images.xcassets; sourceTree = "<group>"; };
		0A095AB81A53594400043A2B /* Base */ = {isa = PBXFileReference; lastKnownFileType = file.xib; name = Base; path = Base.lproj/LaunchScreen.xib; sourceTree = "<group>"; };
		0A095ABE1A53594400043A2B /* EarthquakeMonitorTests.xctest */ = {isa = PBXFileReference; explicitFileType = wrapper.cfbundle; includeInIndex = 0; path = EarthquakeMonitorTests.xctest; sourceTree = BUILT_PRODUCTS_DIR; };
		0A095AC31A53594400043A2B /* Info.plist */ = {isa = PBXFileReference; lastKnownFileType = text.plist.xml; path = Info.plist; sourceTree = "<group>"; };
		0A095AC41A53594400043A2B /* EarthquakeMonitorTests.m */ = {isa = PBXFileReference; lastKnownFileType = sourcecode.c.objc; path = EarthquakeMonitorTests.m; sourceTree = "<group>"; };
		0A095AD11A535B3700043A2B /* AFHTTPRequestOperation.h */ = {isa = PBXFileReference; fileEncoding = 4; lastKnownFileType = sourcecode.c.h; path = AFHTTPRequestOperation.h; sourceTree = "<group>"; };
		0A095AD21A535B3700043A2B /* AFHTTPRequestOperation.m */ = {isa = PBXFileReference; fileEncoding = 4; lastKnownFileType = sourcecode.c.objc; path = AFHTTPRequestOperation.m; sourceTree = "<group>"; };
		0A095AD31A535B3700043A2B /* AFHTTPRequestOperationManager.h */ = {isa = PBXFileReference; fileEncoding = 4; lastKnownFileType = sourcecode.c.h; path = AFHTTPRequestOperationManager.h; sourceTree = "<group>"; };
		0A095AD41A535B3700043A2B /* AFHTTPRequestOperationManager.m */ = {isa = PBXFileReference; fileEncoding = 4; lastKnownFileType = sourcecode.c.objc; path = AFHTTPRequestOperationManager.m; sourceTree = "<group>"; };
		0A095AD51A535B3700043A2B /* AFHTTPSessionManager.h */ = {isa = PBXFileReference; fileEncoding = 4; lastKnownFileType = sourcecode.c.h; path = AFHTTPSessionManager.h; sourceTree = "<group>"; };
		0A095AD61A535B3700043A2B /* AFHTTPSessionManager.m */ = {isa = PBXFileReference; fileEncoding = 4; lastKnownFileType = sourcecode.c.objc; path = AFHTTPSessionManager.m; sourceTree = "<group>"; };
		0A095AD71A535B3700043A2B /* AFNetworking.h */ = {isa = PBXFileReference; fileEncoding = 4; lastKnownFileType = sourcecode.c.h; path = AFNetworking.h; sourceTree = "<group>"; };
		0A095AD81A535B3700043A2B /* AFNetworkReachabilityManager.h */ = {isa = PBXFileReference; fileEncoding = 4; lastKnownFileType = sourcecode.c.h; path = AFNetworkReachabilityManager.h; sourceTree = "<group>"; };
		0A095AD91A535B3700043A2B /* AFNetworkReachabilityManager.m */ = {isa = PBXFileReference; fileEncoding = 4; lastKnownFileType = sourcecode.c.objc; path = AFNetworkReachabilityManager.m; sourceTree = "<group>"; };
		0A095ADA1A535B3700043A2B /* AFSecurityPolicy.h */ = {isa = PBXFileReference; fileEncoding = 4; lastKnownFileType = sourcecode.c.h; path = AFSecurityPolicy.h; sourceTree = "<group>"; };
		0A095ADB1A535B3700043A2B /* AFSecurityPolicy.m */ = {isa = PBXFileReference; fileEncoding = 4; lastKnownFileType = sourcecode.c.objc; path = AFSecurityPolicy.m; sourceTree = "<group>"; };
		0A095ADC1A535B3700043A2B /* AFURLConnectionOperation.h */ = {isa = PBXFileReference; fileEncoding = 4; lastKnownFileType = sourcecode.c.h; path = AFURLConnectionOperation.h; sourceTree = "<group>"; };
		0A095ADD1A535B3700043A2B /* AFURLConnectionOperation.m */ = {isa = PBXFileReference; fileEncoding = 4; lastKnownFileType = sourcecode.c.objc; path = AFURLConnectionOperation.m; sourceTree = "<group>"; };
		0A095ADE1A535B3700043A2B /* AFURLRequestSerialization.h */ = {isa = PBXFileReference; fileEncoding = 4; lastKnownFileType = sourcecode.c.h; path = AFURLRequestSerialization.h; sourceTree = "<group>"; };
		0A095ADF1A535B3700043A2B /* AFURLRequestSerialization.m */ = {isa = PBXFileReference; fileEncoding = 4; lastKnownFileType = sourcecode.c.objc; path = AFURLRequestSerialization.m; sourceTree = "<group>"; };
		0A095AE01A535B3700043A2B /* AFURLResponseSerialization.h */ = {isa = PBXFileReference; fileEncoding = 4; lastKnownFileType = sourcecode.c.h; path = AFURLResponseSerialization.h; sourceTree = "<group>"; };
		0A095AE11A535B3700043A2B /* AFURLResponseSerialization.m */ = {isa = PBXFileReference; fileEncoding = 4; lastKnownFileType = sourcecode.c.objc; path = AFURLResponseSerialization.m; sourceTree = "<group>"; };
		0A095AE21A535B3700043A2B /* AFURLSessionManager.h */ = {isa = PBXFileReference; fileEncoding = 4; lastKnownFileType = sourcecode.c.h; path = AFURLSessionManager.h; sourceTree = "<group>"; };
		0A095AE31A535B3700043A2B /* AFURLSessionManager.m */ = {isa = PBXFileReference; fileEncoding = 4; lastKnownFileType = sourcecode.c.objc; path = AFURLSessionManager.m; sourceTree = "<group>"; };
		0A095AE51A535B3700043A2B /* AFNetworkActivityIndicatorManager.h */ = {isa = PBXFileReference; fileEncoding = 4; lastKnownFileType = sourcecode.c.h; path = AFNetworkActivityIndicatorManager.h; sourceTree = "<group>"; };
		0A095AE61A535B3700043A2B /* AFNetworkActivityIndicatorManager.m */ = {isa = PBXFileReference; fileEncoding = 4; lastKnownFileType = sourcecode.c.objc; path = AFNetworkActivityIndicatorManager.m; sourceTree = "<group>"; };
		0A095AE71A535B3700043A2B /* UIActivityIndicatorView+AFNetworking.h */ = {isa = PBXFileReference; fileEncoding = 4; lastKnownFileType = sourcecode.c.h; path = "UIActivityIndicatorView+AFNetworking.h"; sourceTree = "<group>"; };
		0A095AE81A535B3700043A2B /* UIActivityIndicatorView+AFNetworking.m */ = {isa = PBXFileReference; fileEncoding = 4; lastKnownFileType = sourcecode.c.objc; path = "UIActivityIndicatorView+AFNetworking.m"; sourceTree = "<group>"; };
		0A095AE91A535B3700043A2B /* UIAlertView+AFNetworking.h */ = {isa = PBXFileReference; fileEncoding = 4; lastKnownFileType = sourcecode.c.h; path = "UIAlertView+AFNetworking.h"; sourceTree = "<group>"; };
		0A095AEA1A535B3700043A2B /* UIAlertView+AFNetworking.m */ = {isa = PBXFileReference; fileEncoding = 4; lastKnownFileType = sourcecode.c.objc; path = "UIAlertView+AFNetworking.m"; sourceTree = "<group>"; };
		0A095AEB1A535B3700043A2B /* UIButton+AFNetworking.h */ = {isa = PBXFileReference; fileEncoding = 4; lastKnownFileType = sourcecode.c.h; path = "UIButton+AFNetworking.h"; sourceTree = "<group>"; };
		0A095AEC1A535B3700043A2B /* UIButton+AFNetworking.m */ = {isa = PBXFileReference; fileEncoding = 4; lastKnownFileType = sourcecode.c.objc; path = "UIButton+AFNetworking.m"; sourceTree = "<group>"; };
		0A095AED1A535B3700043A2B /* UIImageView+AFNetworking.h */ = {isa = PBXFileReference; fileEncoding = 4; lastKnownFileType = sourcecode.c.h; path = "UIImageView+AFNetworking.h"; sourceTree = "<group>"; };
		0A095AEE1A535B3700043A2B /* UIImageView+AFNetworking.m */ = {isa = PBXFileReference; fileEncoding = 4; lastKnownFileType = sourcecode.c.objc; path = "UIImageView+AFNetworking.m"; sourceTree = "<group>"; };
		0A095AEF1A535B3700043A2B /* UIKit+AFNetworking.h */ = {isa = PBXFileReference; fileEncoding = 4; lastKnownFileType = sourcecode.c.h; path = "UIKit+AFNetworking.h"; sourceTree = "<group>"; };
		0A095AF01A535B3700043A2B /* UIProgressView+AFNetworking.h */ = {isa = PBXFileReference; fileEncoding = 4; lastKnownFileType = sourcecode.c.h; path = "UIProgressView+AFNetworking.h"; sourceTree = "<group>"; };
		0A095AF11A535B3700043A2B /* UIProgressView+AFNetworking.m */ = {isa = PBXFileReference; fileEncoding = 4; lastKnownFileType = sourcecode.c.objc; path = "UIProgressView+AFNetworking.m"; sourceTree = "<group>"; };
		0A095AF21A535B3700043A2B /* UIRefreshControl+AFNetworking.h */ = {isa = PBXFileReference; fileEncoding = 4; lastKnownFileType = sourcecode.c.h; path = "UIRefreshControl+AFNetworking.h"; sourceTree = "<group>"; };
		0A095AF31A535B3700043A2B /* UIRefreshControl+AFNetworking.m */ = {isa = PBXFileReference; fileEncoding = 4; lastKnownFileType = sourcecode.c.objc; path = "UIRefreshControl+AFNetworking.m"; sourceTree = "<group>"; };
		0A095AF41A535B3700043A2B /* UIWebView+AFNetworking.h */ = {isa = PBXFileReference; fileEncoding = 4; lastKnownFileType = sourcecode.c.h; path = "UIWebView+AFNetworking.h"; sourceTree = "<group>"; };
		0A095AF51A535B3700043A2B /* UIWebView+AFNetworking.m */ = {isa = PBXFileReference; fileEncoding = 4; lastKnownFileType = sourcecode.c.objc; path = "UIWebView+AFNetworking.m"; sourceTree = "<group>"; };
		0A2270971A544F84009FB5F9 /* DetailController.h */ = {isa = PBXFileReference; fileEncoding = 4; lastKnownFileType = sourcecode.c.h; path = DetailController.h; sourceTree = "<group>"; };
		0A2270981A544F84009FB5F9 /* DetailController.m */ = {isa = PBXFileReference; fileEncoding = 4; lastKnownFileType = sourcecode.c.objc; path = DetailController.m; sourceTree = "<group>"; };
		0A22709A1A5452B4009FB5F9 /* MapKit.framework */ = {isa = PBXFileReference; lastKnownFileType = wrapper.framework; name = MapKit.framework; path = System/Library/Frameworks/MapKit.framework; sourceTree = SDKROOT; };
		0A22709C1A5459BC009FB5F9 /* CoreLocation.framework */ = {isa = PBXFileReference; lastKnownFileType = wrapper.framework; name = CoreLocation.framework; path = System/Library/Frameworks/CoreLocation.framework; sourceTree = SDKROOT; };
		0A22709E1A545ADA009FB5F9 /* AddressAnnotation.h */ = {isa = PBXFileReference; fileEncoding = 4; lastKnownFileType = sourcecode.c.h; path = AddressAnnotation.h; sourceTree = "<group>"; };
		0A22709F1A545ADA009FB5F9 /* AddressAnnotation.m */ = {isa = PBXFileReference; fileEncoding = 4; lastKnownFileType = sourcecode.c.objc; path = AddressAnnotation.m; sourceTree = "<group>"; };
/* End PBXFileReference section */

/* Begin PBXFrameworksBuildPhase section */
		0A095AA21A53594400043A2B /* Frameworks */ = {
			isa = PBXFrameworksBuildPhase;
			buildActionMask = 2147483647;
			files = (
				0A22709D1A5459BC009FB5F9 /* CoreLocation.framework in Frameworks */,
				0A22709B1A5452B4009FB5F9 /* MapKit.framework in Frameworks */,
			);
			runOnlyForDeploymentPostprocessing = 0;
		};
		0A095ABB1A53594400043A2B /* Frameworks */ = {
			isa = PBXFrameworksBuildPhase;
			buildActionMask = 2147483647;
			files = (
			);
			runOnlyForDeploymentPostprocessing = 0;
		};
/* End PBXFrameworksBuildPhase section */

/* Begin PBXGroup section */
		0A095A9C1A53594400043A2B = {
			isa = PBXGroup;
			children = (
				0A22709C1A5459BC009FB5F9 /* CoreLocation.framework */,
				0A22709A1A5452B4009FB5F9 /* MapKit.framework */,
				0A095AA71A53594400043A2B /* EarthquakeMonitor */,
				0A095AC11A53594400043A2B /* EarthquakeMonitorTests */,
				0A095AA61A53594400043A2B /* Products */,
			);
			sourceTree = "<group>";
		};
		0A095AA61A53594400043A2B /* Products */ = {
			isa = PBXGroup;
			children = (
				0A095AA51A53594400043A2B /* EarthquakeMonitor.app */,
				0A095ABE1A53594400043A2B /* EarthquakeMonitorTests.xctest */,
			);
			name = Products;
			sourceTree = "<group>";
		};
		0A095AA71A53594400043A2B /* EarthquakeMonitor */ = {
			isa = PBXGroup;
			children = (
				0A095ACE1A535B1800043A2B /* libs */,
				0A095AAC1A53594400043A2B /* AppDelegate.h */,
				0A095AAD1A53594400043A2B /* AppDelegate.m */,
				0A095AAF1A53594400043A2B /* ViewController.h */,
				0A095AB01A53594400043A2B /* ViewController.m */,
				0A2270971A544F84009FB5F9 /* DetailController.h */,
				0A2270981A544F84009FB5F9 /* DetailController.m */,
				0A095AB21A53594400043A2B /* Main.storyboard */,
				0A095AB51A53594400043A2B /* Images.xcassets */,
				0A095AB71A53594400043A2B /* LaunchScreen.xib */,
				0A095AA81A53594400043A2B /* Supporting Files */,
			);
			path = EarthquakeMonitor;
			sourceTree = "<group>";
		};
		0A095AA81A53594400043A2B /* Supporting Files */ = {
			isa = PBXGroup;
			children = (
				0A095AA91A53594400043A2B /* Info.plist */,
				0A095AAA1A53594400043A2B /* main.m */,
			);
			name = "Supporting Files";
			sourceTree = "<group>";
		};
		0A095AC11A53594400043A2B /* EarthquakeMonitorTests */ = {
			isa = PBXGroup;
			children = (
				0A095AC41A53594400043A2B /* EarthquakeMonitorTests.m */,
				0A095AC21A53594400043A2B /* Supporting Files */,
			);
			path = EarthquakeMonitorTests;
			sourceTree = "<group>";
		};
		0A095AC21A53594400043A2B /* Supporting Files */ = {
			isa = PBXGroup;
			children = (
				0A095AC31A53594400043A2B /* Info.plist */,
			);
			name = "Supporting Files";
			sourceTree = "<group>";
		};
		0A095ACE1A535B1800043A2B /* libs */ = {
			isa = PBXGroup;
			children = (
				0A22709E1A545ADA009FB5F9 /* AddressAnnotation.h */,
				0A22709F1A545ADA009FB5F9 /* AddressAnnotation.m */,
				0A095ACF1A535B2A00043A2B /* AFNet */,
			);
			name = libs;
			sourceTree = "<group>";
		};
		0A095ACF1A535B2A00043A2B /* AFNet */ = {
			isa = PBXGroup;
			children = (
				0A095AD01A535B3700043A2B /* AFNetworking */,
				0A095AE41A535B3700043A2B /* UIKit+AFNetworking */,
			);
			name = AFNet;
			sourceTree = "<group>";
		};
		0A095AD01A535B3700043A2B /* AFNetworking */ = {
			isa = PBXGroup;
			children = (
				0A095AD11A535B3700043A2B /* AFHTTPRequestOperation.h */,
				0A095AD21A535B3700043A2B /* AFHTTPRequestOperation.m */,
				0A095AD31A535B3700043A2B /* AFHTTPRequestOperationManager.h */,
				0A095AD41A535B3700043A2B /* AFHTTPRequestOperationManager.m */,
				0A095AD51A535B3700043A2B /* AFHTTPSessionManager.h */,
				0A095AD61A535B3700043A2B /* AFHTTPSessionManager.m */,
				0A095AD71A535B3700043A2B /* AFNetworking.h */,
				0A095AD81A535B3700043A2B /* AFNetworkReachabilityManager.h */,
				0A095AD91A535B3700043A2B /* AFNetworkReachabilityManager.m */,
				0A095ADA1A535B3700043A2B /* AFSecurityPolicy.h */,
				0A095ADB1A535B3700043A2B /* AFSecurityPolicy.m */,
				0A095ADC1A535B3700043A2B /* AFURLConnectionOperation.h */,
				0A095ADD1A535B3700043A2B /* AFURLConnectionOperation.m */,
				0A095ADE1A535B3700043A2B /* AFURLRequestSerialization.h */,
				0A095ADF1A535B3700043A2B /* AFURLRequestSerialization.m */,
				0A095AE01A535B3700043A2B /* AFURLResponseSerialization.h */,
				0A095AE11A535B3700043A2B /* AFURLResponseSerialization.m */,
				0A095AE21A535B3700043A2B /* AFURLSessionManager.h */,
				0A095AE31A535B3700043A2B /* AFURLSessionManager.m */,
			);
			path = AFNetworking;
			sourceTree = "<group>";
		};
		0A095AE41A535B3700043A2B /* UIKit+AFNetworking */ = {
			isa = PBXGroup;
			children = (
				0A095AE51A535B3700043A2B /* AFNetworkActivityIndicatorManager.h */,
				0A095AE61A535B3700043A2B /* AFNetworkActivityIndicatorManager.m */,
				0A095AE71A535B3700043A2B /* UIActivityIndicatorView+AFNetworking.h */,
				0A095AE81A535B3700043A2B /* UIActivityIndicatorView+AFNetworking.m */,
				0A095AE91A535B3700043A2B /* UIAlertView+AFNetworking.h */,
				0A095AEA1A535B3700043A2B /* UIAlertView+AFNetworking.m */,
				0A095AEB1A535B3700043A2B /* UIButton+AFNetworking.h */,
				0A095AEC1A535B3700043A2B /* UIButton+AFNetworking.m */,
				0A095AED1A535B3700043A2B /* UIImageView+AFNetworking.h */,
				0A095AEE1A535B3700043A2B /* UIImageView+AFNetworking.m */,
				0A095AEF1A535B3700043A2B /* UIKit+AFNetworking.h */,
				0A095AF01A535B3700043A2B /* UIProgressView+AFNetworking.h */,
				0A095AF11A535B3700043A2B /* UIProgressView+AFNetworking.m */,
				0A095AF21A535B3700043A2B /* UIRefreshControl+AFNetworking.h */,
				0A095AF31A535B3700043A2B /* UIRefreshControl+AFNetworking.m */,
				0A095AF41A535B3700043A2B /* UIWebView+AFNetworking.h */,
				0A095AF51A535B3700043A2B /* UIWebView+AFNetworking.m */,
			);
			path = "UIKit+AFNetworking";
			sourceTree = "<group>";
		};
/* End PBXGroup section */

/* Begin PBXNativeTarget section */
		0A095AA41A53594400043A2B /* EarthquakeMonitor */ = {
			isa = PBXNativeTarget;
			buildConfigurationList = 0A095AC81A53594400043A2B /* Build configuration list for PBXNativeTarget "EarthquakeMonitor" */;
			buildPhases = (
				0A095AA11A53594400043A2B /* Sources */,
				0A095AA21A53594400043A2B /* Frameworks */,
				0A095AA31A53594400043A2B /* Resources */,
			);
			buildRules = (
			);
			dependencies = (
			);
			name = EarthquakeMonitor;
			productName = EarthquakeMonitor;
			productReference = 0A095AA51A53594400043A2B /* EarthquakeMonitor.app */;
			productType = "com.apple.product-type.application";
		};
		0A095ABD1A53594400043A2B /* EarthquakeMonitorTests */ = {
			isa = PBXNativeTarget;
			buildConfigurationList = 0A095ACB1A53594400043A2B /* Build configuration list for PBXNativeTarget "EarthquakeMonitorTests" */;
			buildPhases = (
				0A095ABA1A53594400043A2B /* Sources */,
				0A095ABB1A53594400043A2B /* Frameworks */,
				0A095ABC1A53594400043A2B /* Resources */,
			);
			buildRules = (
			);
			dependencies = (
				0A095AC01A53594400043A2B /* PBXTargetDependency */,
			);
			name = EarthquakeMonitorTests;
			productName = EarthquakeMonitorTests;
			productReference = 0A095ABE1A53594400043A2B /* EarthquakeMonitorTests.xctest */;
			productType = "com.apple.product-type.bundle.unit-test";
		};
/* End PBXNativeTarget section */

/* Begin PBXProject section */
		0A095A9D1A53594400043A2B /* Project object */ = {
			isa = PBXProject;
			attributes = {
				LastUpgradeCheck = 0610;
				ORGANIZATIONNAME = PlayInteractive;
				TargetAttributes = {
					0A095AA41A53594400043A2B = {
						CreatedOnToolsVersion = 6.1;
					};
					0A095ABD1A53594400043A2B = {
						CreatedOnToolsVersion = 6.1;
						TestTargetID = 0A095AA41A53594400043A2B;
					};
				};
			};
			buildConfigurationList = 0A095AA01A53594400043A2B /* Build configuration list for PBXProject "EarthquakeMonitor" */;
			compatibilityVersion = "Xcode 3.2";
			developmentRegion = English;
			hasScannedForEncodings = 0;
			knownRegions = (
				en,
				Base,
			);
			mainGroup = 0A095A9C1A53594400043A2B;
			productRefGroup = 0A095AA61A53594400043A2B /* Products */;
			projectDirPath = "";
			projectRoot = "";
			targets = (
				0A095AA41A53594400043A2B /* EarthquakeMonitor */,
				0A095ABD1A53594400043A2B /* EarthquakeMonitorTests */,
			);
		};
/* End PBXProject section */

/* Begin PBXResourcesBuildPhase section */
		0A095AA31A53594400043A2B /* Resources */ = {
			isa = PBXResourcesBuildPhase;
			buildActionMask = 2147483647;
			files = (
				0A095AB41A53594400043A2B /* Main.storyboard in Resources */,
				0A095AB91A53594400043A2B /* LaunchScreen.xib in Resources */,
				0A095AB61A53594400043A2B /* Images.xcassets in Resources */,
			);
			runOnlyForDeploymentPostprocessing = 0;
		};
		0A095ABC1A53594400043A2B /* Resources */ = {
			isa = PBXResourcesBuildPhase;
			buildActionMask = 2147483647;
			files = (
			);
			runOnlyForDeploymentPostprocessing = 0;
		};
/* End PBXResourcesBuildPhase section */

/* Begin PBXSourcesBuildPhase section */
		0A095AA11A53594400043A2B /* Sources */ = {
			isa = PBXSourcesBuildPhase;
			buildActionMask = 2147483647;
			files = (
				0A095AF61A535B3700043A2B /* AFHTTPRequestOperation.m in Sources */,
				0A095B031A535B3700043A2B /* UIImageView+AFNetworking.m in Sources */,
				0A095AB11A53594400043A2B /* ViewController.m in Sources */,
				0A095AF71A535B3700043A2B /* AFHTTPRequestOperationManager.m in Sources */,
				0A095B041A535B3700043A2B /* UIProgressView+AFNetworking.m in Sources */,
				0A095AF91A535B3700043A2B /* AFNetworkReachabilityManager.m in Sources */,
				0A095AFD1A535B3700043A2B /* AFURLResponseSerialization.m in Sources */,
				0A095AFB1A535B3700043A2B /* AFURLConnectionOperation.m in Sources */,
				0A095B021A535B3700043A2B /* UIButton+AFNetworking.m in Sources */,
				0A095B001A535B3700043A2B /* UIActivityIndicatorView+AFNetworking.m in Sources */,
				0A095AFA1A535B3700043A2B /* AFSecurityPolicy.m in Sources */,
				0A095B051A535B3700043A2B /* UIRefreshControl+AFNetworking.m in Sources */,
				0A095B061A535B3700043A2B /* UIWebView+AFNetworking.m in Sources */,
				0A095AF81A535B3700043A2B /* AFHTTPSessionManager.m in Sources */,
				0A095B011A535B3700043A2B /* UIAlertView+AFNetworking.m in Sources */,
				0A095AFC1A535B3700043A2B /* AFURLRequestSerialization.m in Sources */,
				0A095AFF1A535B3700043A2B /* AFNetworkActivityIndicatorManager.m in Sources */,
				0A2270991A544F84009FB5F9 /* DetailController.m in Sources */,
				0A095AFE1A535B3700043A2B /* AFURLSessionManager.m in Sources */,
				0A2270A01A545ADA009FB5F9 /* AddressAnnotation.m in Sources */,
				0A095AAE1A53594400043A2B /* AppDelegate.m in Sources */,
				0A095AAB1A53594400043A2B /* main.m in Sources */,
			);
			runOnlyForDeploymentPostprocessing = 0;
		};
		0A095ABA1A53594400043A2B /* Sources */ = {
			isa = PBXSourcesBuildPhase;
			buildActionMask = 2147483647;
			files = (
				0A095AC51A53594400043A2B /* EarthquakeMonitorTests.m in Sources */,
			);
			runOnlyForDeploymentPostprocessing = 0;
		};
/* End PBXSourcesBuildPhase section */

/* Begin PBXTargetDependency section */
		0A095AC01A53594400043A2B /* PBXTargetDependency */ = {
			isa = PBXTargetDependency;
			target = 0A095AA41A53594400043A2B /* EarthquakeMonitor */;
			targetProxy = 0A095ABF1A53594400043A2B /* PBXContainerItemProxy */;
		};
/* End PBXTargetDependency section */

/* Begin PBXVariantGroup section */
		0A095AB21A53594400043A2B /* Main.storyboard */ = {
			isa = PBXVariantGroup;
			children = (
				0A095AB31A53594400043A2B /* Base */,
			);
			name = Main.storyboard;
			sourceTree = "<group>";
		};
		0A095AB71A53594400043A2B /* LaunchScreen.xib */ = {
			isa = PBXVariantGroup;
			children = (
				0A095AB81A53594400043A2B /* Base */,
			);
			name = LaunchScreen.xib;
			sourceTree = "<group>";
		};
/* End PBXVariantGroup section */

/* Begin XCBuildConfiguration section */
		0A095AC61A53594400043A2B /* Debug */ = {
			isa = XCBuildConfiguration;
			buildSettings = {
				ALWAYS_SEARCH_USER_PATHS = NO;
				CLANG_CXX_LANGUAGE_STANDARD = "gnu++0x";
				CLANG_CXX_LIBRARY = "libc++";
				CLANG_ENABLE_MODULES = YES;
				CLANG_ENABLE_OBJC_ARC = YES;
				CLANG_WARN_BOOL_CONVERSION = YES;
				CLANG_WARN_CONSTANT_CONVERSION = YES;
				CLANG_WARN_DIRECT_OBJC_ISA_USAGE = YES_ERROR;
				CLANG_WARN_EMPTY_BODY = YES;
				CLANG_WARN_ENUM_CONVERSION = YES;
				CLANG_WARN_INT_CONVERSION = YES;
				CLANG_WARN_OBJC_ROOT_CLASS = YES_ERROR;
				CLANG_WARN_UNREACHABLE_CODE = YES;
				CLANG_WARN__DUPLICATE_METHOD_MATCH = YES;
				"CODE_SIGN_IDENTITY[sdk=iphoneos*]" = "iPhone Developer";
				COPY_PHASE_STRIP = NO;
				ENABLE_STRICT_OBJC_MSGSEND = YES;
				GCC_C_LANGUAGE_STANDARD = gnu99;
				GCC_DYNAMIC_NO_PIC = NO;
				GCC_OPTIMIZATION_LEVEL = 0;
				GCC_PREPROCESSOR_DEFINITIONS = (
					"DEBUG=1",
					"$(inherited)",
				);
				GCC_SYMBOLS_PRIVATE_EXTERN = NO;
				GCC_WARN_64_TO_32_BIT_CONVERSION = YES;
				GCC_WARN_ABOUT_RETURN_TYPE = YES_ERROR;
				GCC_WARN_UNDECLARED_SELECTOR = YES;
				GCC_WARN_UNINITIALIZED_AUTOS = YES_AGGRESSIVE;
				GCC_WARN_UNUSED_FUNCTION = YES;
				GCC_WARN_UNUSED_VARIABLE = YES;
				IPHONEOS_DEPLOYMENT_TARGET = 7.1;
				MTL_ENABLE_DEBUG_INFO = YES;
				ONLY_ACTIVE_ARCH = YES;
				SDKROOT = iphoneos;
			};
			name = Debug;
		};
		0A095AC71A53594400043A2B /* Release */ = {
			isa = XCBuildConfiguration;
			buildSettings = {
				ALWAYS_SEARCH_USER_PATHS = NO;
				CLANG_CXX_LANGUAGE_STANDARD = "gnu++0x";
				CLANG_CXX_LIBRARY = "libc++";
				CLANG_ENABLE_MODULES = YES;
				CLANG_ENABLE_OBJC_ARC = YES;
				CLANG_WARN_BOOL_CONVERSION = YES;
				CLANG_WARN_CONSTANT_CONVERSION = YES;
				CLANG_WARN_DIRECT_OBJC_ISA_USAGE = YES_ERROR;
				CLANG_WARN_EMPTY_BODY = YES;
				CLANG_WARN_ENUM_CONVERSION = YES;
				CLANG_WARN_INT_CONVERSION = YES;
				CLANG_WARN_OBJC_ROOT_CLASS = YES_ERROR;
				CLANG_WARN_UNREACHABLE_CODE = YES;
				CLANG_WARN__DUPLICATE_METHOD_MATCH = YES;
				"CODE_SIGN_IDENTITY[sdk=iphoneos*]" = "iPhone Developer";
				COPY_PHASE_STRIP = YES;
				ENABLE_NS_ASSERTIONS = NO;
				ENABLE_STRICT_OBJC_MSGSEND = YES;
				GCC_C_LANGUAGE_STANDARD = gnu99;
				GCC_WARN_64_TO_32_BIT_CONVERSION = YES;
				GCC_WARN_ABOUT_RETURN_TYPE = YES_ERROR;
				GCC_WARN_UNDECLARED_SELECTOR = YES;
				GCC_WARN_UNINITIALIZED_AUTOS = YES_AGGRESSIVE;
				GCC_WARN_UNUSED_FUNCTION = YES;
				GCC_WARN_UNUSED_VARIABLE = YES;
				IPHONEOS_DEPLOYMENT_TARGET = 7.1;
				MTL_ENABLE_DEBUG_INFO = NO;
				SDKROOT = iphoneos;
				VALIDATE_PRODUCT = YES;
			};
			name = Release;
		};
		0A095AC91A53594400043A2B /* Debug */ = {
			isa = XCBuildConfiguration;
			buildSettings = {
				ASSETCATALOG_COMPILER_APPICON_NAME = AppIcon;
				INFOPLIST_FILE = EarthquakeMonitor/Info.plist;
				LD_RUNPATH_SEARCH_PATHS = "$(inherited) @executable_path/Frameworks";
				PRODUCT_NAME = "$(TARGET_NAME)";
			};
			name = Debug;
		};
		0A095ACA1A53594400043A2B /* Release */ = {
			isa = XCBuildConfiguration;
			buildSettings = {
				ASSETCATALOG_COMPILER_APPICON_NAME = AppIcon;
				INFOPLIST_FILE = EarthquakeMonitor/Info.plist;
				LD_RUNPATH_SEARCH_PATHS = "$(inherited) @executable_path/Frameworks";
				PRODUCT_NAME = "$(TARGET_NAME)";
			};
			name = Release;
		};
		0A095ACC1A53594400043A2B /* Debug */ = {
			isa = XCBuildConfiguration;
			buildSettings = {
				BUNDLE_LOADER = "$(TEST_HOST)";
				FRAMEWORK_SEARCH_PATHS = (
					"$(SDKROOT)/Developer/Library/Frameworks",
					"$(inherited)",
				);
				GCC_PREPROCESSOR_DEFINITIONS = (
					"DEBUG=1",
					"$(inherited)",
				);
				INFOPLIST_FILE = EarthquakeMonitorTests/Info.plist;
				LD_RUNPATH_SEARCH_PATHS = "$(inherited) @executable_path/Frameworks @loader_path/Frameworks";
				PRODUCT_NAME = "$(TARGET_NAME)";
				TEST_HOST = "$(BUILT_PRODUCTS_DIR)/EarthquakeMonitor.app/EarthquakeMonitor";
			};
			name = Debug;
		};
		0A095ACD1A53594400043A2B /* Release */ = {
			isa = XCBuildConfiguration;
			buildSettings = {
				BUNDLE_LOADER = "$(TEST_HOST)";
				FRAMEWORK_SEARCH_PATHS = (
					"$(SDKROOT)/Developer/Library/Frameworks",
					"$(inherited)",
				);
				INFOPLIST_FILE = EarthquakeMonitorTests/Info.plist;
				LD_RUNPATH_SEARCH_PATHS = "$(inherited) @executable_path/Frameworks @loader_path/Frameworks";
				PRODUCT_NAME = "$(TARGET_NAME)";
				TEST_HOST = "$(BUILT_PRODUCTS_DIR)/EarthquakeMonitor.app/EarthquakeMonitor";
			};
			name = Release;
		};
/* End XCBuildConfiguration section */

/* Begin XCConfigurationList section */
		0A095AA01A53594400043A2B /* Build configuration list for PBXProject "EarthquakeMonitor" */ = {
			isa = XCConfigurationList;
			buildConfigurations = (
				0A095AC61A53594400043A2B /* Debug */,
				0A095AC71A53594400043A2B /* Release */,
			);
			defaultConfigurationIsVisible = 0;
			defaultConfigurationName = Release;
		};
		0A095AC81A53594400043A2B /* Build configuration list for PBXNativeTarget "EarthquakeMonitor" */ = {
			isa = XCConfigurationList;
			buildConfigurations = (
				0A095AC91A53594400043A2B /* Debug */,
				0A095ACA1A53594400043A2B /* Release */,
			);
			defaultConfigurationIsVisible = 0;
			defaultConfigurationName = Release;
		};
		0A095ACB1A53594400043A2B /* Build configuration list for PBXNativeTarget "EarthquakeMonitorTests" */ = {
			isa = XCConfigurationList;
			buildConfigurations = (
				0A095ACC1A53594400043A2B /* Debug */,
				0A095ACD1A53594400043A2B /* Release */,
			);
			defaultConfigurationIsVisible = 0;
			defaultConfigurationName = Release;
		};
/* End XCConfigurationList section */
	};
	rootObject = 0A095A9D1A53594400043A2B /* Project object */;
}
